// !$*UTF8*$!
{
	archiveVersion = 1;
	classes = {
	};
	objectVersion = 46;
	objects = {

/* Begin PBXBuildFile section */
		3F6C0AD11B62178200EBFD55 /* IconListTableVC.swift in Sources */ = {isa = PBXBuildFile; fileRef = 3F6C0AD01B62178200EBFD55 /* IconListTableVC.swift */; };
		3F6C0AD31B62279400EBFD55 /* CheckListItemTableVC.swift in Sources */ = {isa = PBXBuildFile; fileRef = 3F6C0AD21B62279400EBFD55 /* CheckListItemTableVC.swift */; };
		3F6C0AD51B6227E700EBFD55 /* CheckListTableVC.swift in Sources */ = {isa = PBXBuildFile; fileRef = 3F6C0AD41B6227E700EBFD55 /* CheckListTableVC.swift */; };
		3F6C0AD71B622CB100EBFD55 /* AddCheckListItemTableVC.swift in Sources */ = {isa = PBXBuildFile; fileRef = 3F6C0AD61B622CB100EBFD55 /* AddCheckListItemTableVC.swift */; };
		3F9C286C1B62093F0094C902 /* AddCheckListVC.swift in Sources */ = {isa = PBXBuildFile; fileRef = 3F9C286B1B62093F0094C902 /* AddCheckListVC.swift */; };
		3FF5A3131B61EA1900B65649 /* AppDelegate.swift in Sources */ = {isa = PBXBuildFile; fileRef = 3FF5A3121B61EA1900B65649 /* AppDelegate.swift */; };
		3FF5A31A1B61EA1900B65649 /* Images.xcassets in Resources */ = {isa = PBXBuildFile; fileRef = 3FF5A3191B61EA1900B65649 /* Images.xcassets */; };
		3FF5A31D1B61EA1900B65649 /* LaunchScreen.xib in Resources */ = {isa = PBXBuildFile; fileRef = 3FF5A31B1B61EA1900B65649 /* LaunchScreen.xib */; };
		3FF5A3291B61EA1900B65649 /* HWToDoListTests.swift in Sources */ = {isa = PBXBuildFile; fileRef = 3FF5A3281B61EA1900B65649 /* HWToDoListTests.swift */; };
		3FF5A3351B61F2A200B65649 /* ListItem.swift in Sources */ = {isa = PBXBuildFile; fileRef = 3FF5A3341B61F2A200B65649 /* ListItem.swift */; };
		3FF5A3371B61F30900B65649 /* CheckList.swift in Sources */ = {isa = PBXBuildFile; fileRef = 3FF5A3361B61F30900B65649 /* CheckList.swift */; };
/* End PBXBuildFile section */

/* Begin PBXContainerItemProxy section */
		3FF5A3231B61EA1900B65649 /* PBXContainerItemProxy */ = {
			isa = PBXContainerItemProxy;
			containerPortal = 3FF5A3051B61EA1900B65649 /* Project object */;
			proxyType = 1;
			remoteGlobalIDString = 3FF5A30C1B61EA1900B65649;
			remoteInfo = HWToDoList;
		};
/* End PBXContainerItemProxy section */

/* Begin PBXFileReference section */
		3F6C0AD01B62178200EBFD55 /* IconListTableVC.swift */ = {isa = PBXFileReference; fileEncoding = 4; lastKnownFileType = sourcecode.swift; path = IconListTableVC.swift; sourceTree = "<group>"; };
		3F6C0AD21B62279400EBFD55 /* CheckListItemTableVC.swift */ = {isa = PBXFileReference; fileEncoding = 4; lastKnownFileType = sourcecode.swift; path = CheckListItemTableVC.swift; sourceTree = "<group>"; };
		3F6C0AD41B6227E700EBFD55 /* CheckListTableVC.swift */ = {isa = PBXFileReference; fileEncoding = 4; lastKnownFileType = sourcecode.swift; path = CheckListTableVC.swift; sourceTree = "<group>"; };
		3F6C0AD61B622CB100EBFD55 /* AddCheckListItemTableVC.swift */ = {isa = PBXFileReference; fileEncoding = 4; lastKnownFileType = sourcecode.swift; path = AddCheckListItemTableVC.swift; sourceTree = "<group>"; };
		3F9C286B1B62093F0094C902 /* AddCheckListVC.swift */ = {isa = PBXFileReference; fileEncoding = 4; lastKnownFileType = sourcecode.swift; path = AddCheckListVC.swift; sourceTree = "<group>"; };
		3FF5A30D1B61EA1900B65649 /* HWToDoList.app */ = {isa = PBXFileReference; explicitFileType = wrapper.application; includeInIndex = 0; path = HWToDoList.app; sourceTree = BUILT_PRODUCTS_DIR; };
		3FF5A3111B61EA1900B65649 /* Info.plist */ = {isa = PBXFileReference; lastKnownFileType = text.plist.xml; path = Info.plist; sourceTree = "<group>"; };
		3FF5A3121B61EA1900B65649 /* AppDelegate.swift */ = {isa = PBXFileReference; lastKnownFileType = sourcecode.swift; path = AppDelegate.swift; sourceTree = "<group>"; };
		3FF5A3191B61EA1900B65649 /* Images.xcassets */ = {isa = PBXFileReference; lastKnownFileType = folder.assetcatalog; path = Images.xcassets; sourceTree = "<group>"; };
		3FF5A31C1B61EA1900B65649 /* Base */ = {isa = PBXFileReference; lastKnownFileType = file.xib; name = Base; path = Base.lproj/LaunchScreen.xib; sourceTree = "<group>"; };
		3FF5A3221B61EA1900B65649 /* HWToDoListTests.xctest */ = {isa = PBXFileReference; explicitFileType = wrapper.cfbundle; includeInIndex = 0; path = HWToDoListTests.xctest; sourceTree = BUILT_PRODUCTS_DIR; };
		3FF5A3271B61EA1900B65649 /* Info.plist */ = {isa = PBXFileReference; lastKnownFileType = text.plist.xml; path = Info.plist; sourceTree = "<group>"; };
		3FF5A3281B61EA1900B65649 /* HWToDoListTests.swift */ = {isa = PBXFileReference; lastKnownFileType = sourcecode.swift; path = HWToDoListTests.swift; sourceTree = "<group>"; };
		3FF5A3341B61F2A200B65649 /* ListItem.swift */ = {isa = PBXFileReference; fileEncoding = 4; lastKnownFileType = sourcecode.swift; path = ListItem.swift; sourceTree = "<group>"; };
		3FF5A3361B61F30900B65649 /* CheckList.swift */ = {isa = PBXFileReference; fileEncoding = 4; lastKnownFileType = sourcecode.swift; path = CheckList.swift; sourceTree = "<group>"; };
/* End PBXFileReference section */

/* Begin PBXFrameworksBuildPhase section */
		3FF5A30A1B61EA1900B65649 /* Frameworks */ = {
			isa = PBXFrameworksBuildPhase;
			buildActionMask = 2147483647;
			files = (
			);
			runOnlyForDeploymentPostprocessing = 0;
		};
		3FF5A31F1B61EA1900B65649 /* Frameworks */ = {
			isa = PBXFrameworksBuildPhase;
			buildActionMask = 2147483647;
			files = (
			);
			runOnlyForDeploymentPostprocessing = 0;
		};
/* End PBXFrameworksBuildPhase section */

/* Begin PBXGroup section */
		3FF5A3041B61EA1900B65649 = {
			isa = PBXGroup;
			children = (
				3FF5A30F1B61EA1900B65649 /* HWToDoList */,
				3FF5A3251B61EA1900B65649 /* HWToDoListTests */,
				3FF5A30E1B61EA1900B65649 /* Products */,
			);
			sourceTree = "<group>";
		};
		3FF5A30E1B61EA1900B65649 /* Products */ = {
			isa = PBXGroup;
			children = (
				3FF5A30D1B61EA1900B65649 /* HWToDoList.app */,
				3FF5A3221B61EA1900B65649 /* HWToDoListTests.xctest */,
			);
			name = Products;
			sourceTree = "<group>";
		};
		3FF5A30F1B61EA1900B65649 /* HWToDoList */ = {
			isa = PBXGroup;
			children = (
				3FF5A3121B61EA1900B65649 /* AppDelegate.swift */,
				3F6C0AD41B6227E700EBFD55 /* CheckListTableVC.swift */,
				3FF5A3361B61F30900B65649 /* CheckList.swift */,
				3F6C0AD21B62279400EBFD55 /* CheckListItemTableVC.swift */,
				3FF5A3341B61F2A200B65649 /* ListItem.swift */,
				3F9C286B1B62093F0094C902 /* AddCheckListVC.swift */,
				3F6C0AD61B622CB100EBFD55 /* AddCheckListItemTableVC.swift */,
				3F6C0AD01B62178200EBFD55 /* IconListTableVC.swift */,
				3FF5A3101B61EA1900B65649 /* Supporting Files */,
			);
			path = HWToDoList;
			sourceTree = "<group>";
		};
		3FF5A3101B61EA1900B65649 /* Supporting Files */ = {
			isa = PBXGroup;
			children = (
				3FF5A3191B61EA1900B65649 /* Images.xcassets */,
				3FF5A31B1B61EA1900B65649 /* LaunchScreen.xib */,
				3FF5A3111B61EA1900B65649 /* Info.plist */,
			);
			name = "Supporting Files";
			sourceTree = "<group>";
		};
		3FF5A3251B61EA1900B65649 /* HWToDoListTests */ = {
			isa = PBXGroup;
			children = (
				3FF5A3281B61EA1900B65649 /* HWToDoListTests.swift */,
				3FF5A3261B61EA1900B65649 /* Supporting Files */,
			);
			path = HWToDoListTests;
			sourceTree = "<group>";
		};
		3FF5A3261B61EA1900B65649 /* Supporting Files */ = {
			isa = PBXGroup;
			children = (
				3FF5A3271B61EA1900B65649 /* Info.plist */,
			);
			name = "Supporting Files";
			sourceTree = "<group>";
		};
/* End PBXGroup section */

/* Begin PBXNativeTarget section */
		3FF5A30C1B61EA1900B65649 /* HWToDoList */ = {
			isa = PBXNativeTarget;
			buildConfigurationList = 3FF5A32C1B61EA1900B65649 /* Build configuration list for PBXNativeTarget "HWToDoList" */;
			buildPhases = (
				3FF5A3091B61EA1900B65649 /* Sources */,
				3FF5A30A1B61EA1900B65649 /* Frameworks */,
				3FF5A30B1B61EA1900B65649 /* Resources */,
			);
			buildRules = (
			);
			dependencies = (
			);
			name = HWToDoList;
			productName = HWToDoList;
			productReference = 3FF5A30D1B61EA1900B65649 /* HWToDoList.app */;
			productType = "com.apple.product-type.application";
		};
		3FF5A3211B61EA1900B65649 /* HWToDoListTests */ = {
			isa = PBXNativeTarget;
			buildConfigurationList = 3FF5A32F1B61EA1900B65649 /* Build configuration list for PBXNativeTarget "HWToDoListTests" */;
			buildPhases = (
				3FF5A31E1B61EA1900B65649 /* Sources */,
				3FF5A31F1B61EA1900B65649 /* Frameworks */,
				3FF5A3201B61EA1900B65649 /* Resources */,
			);
			buildRules = (
			);
			dependencies = (
				3FF5A3241B61EA1900B65649 /* PBXTargetDependency */,
			);
			name = HWToDoListTests;
			productName = HWToDoListTests;
			productReference = 3FF5A3221B61EA1900B65649 /* HWToDoListTests.xctest */;
			productType = "com.apple.product-type.bundle.unit-test";
		};
/* End PBXNativeTarget section */

/* Begin PBXProject section */
		3FF5A3051B61EA1900B65649 /* Project object */ = {
			isa = PBXProject;
			attributes = {
				LastUpgradeCheck = 0640;
				ORGANIZATIONNAME = ZW;
				TargetAttributes = {
					3FF5A30C1B61EA1900B65649 = {
						CreatedOnToolsVersion = 6.4;
					};
					3FF5A3211B61EA1900B65649 = {
						CreatedOnToolsVersion = 6.4;
						TestTargetID = 3FF5A30C1B61EA1900B65649;
					};
				};
			};
			buildConfigurationList = 3FF5A3081B61EA1900B65649 /* Build configuration list for PBXProject "HWToDoList" */;
			compatibilityVersion = "Xcode 3.2";
			developmentRegion = English;
			hasScannedForEncodings = 0;
			knownRegions = (
				en,
				Base,
			);
			mainGroup = 3FF5A3041B61EA1900B65649;
			productRefGroup = 3FF5A30E1B61EA1900B65649 /* Products */;
			projectDirPath = "";
			projectRoot = "";
			targets = (
				3FF5A30C1B61EA1900B65649 /* HWToDoList */,
				3FF5A3211B61EA1900B65649 /* HWToDoListTests */,
			);
		};
/* End PBXProject section */

/* Begin PBXResourcesBuildPhase section */
		3FF5A30B1B61EA1900B65649 /* Resources */ = {
			isa = PBXResourcesBuildPhase;
			buildActionMask = 2147483647;
			files = (
				3FF5A31D1B61EA1900B65649 /* LaunchScreen.xib in Resources */,
				3FF5A31A1B61EA1900B65649 /* Images.xcassets in Resources */,
			);
			runOnlyForDeploymentPostprocessing = 0;
		};
		3FF5A3201B61EA1900B65649 /* Resources */ = {
			isa = PBXResourcesBuildPhase;
			buildActionMask = 2147483647;
			files = (
			);
			runOnlyForDeploymentPostprocessing = 0;
		};
/* End PBXResourcesBuildPhase section */

/* Begin PBXSourcesBuildPhase section */
		3FF5A3091B61EA1900B65649 /* Sources */ = {
			isa = PBXSourcesBuildPhase;
			buildActionMask = 2147483647;
			files = (
				3F6C0AD51B6227E700EBFD55 /* CheckListTableVC.swift in Sources */,
				3F6C0AD11B62178200EBFD55 /* IconListTableVC.swift in Sources */,
				3FF5A3371B61F30900B65649 /* CheckList.swift in Sources */,
				3F6C0AD71B622CB100EBFD55 /* AddCheckListItemTableVC.swift in Sources */,
				3FF5A3351B61F2A200B65649 /* ListItem.swift in Sources */,
				3FF5A3131B61EA1900B65649 /* AppDelegate.swift in Sources */,
				3F9C286C1B62093F0094C902 /* AddCheckListVC.swift in Sources */,
				3F6C0AD31B62279400EBFD55 /* CheckListItemTableVC.swift in Sources */,
			);
			runOnlyForDeploymentPostprocessing = 0;
		};
		3FF5A31E1B61EA1900B65649 /* Sources */ = {
			isa = PBXSourcesBuildPhase;
			buildActionMask = 2147483647;
			files = (
				3FF5A3291B61EA1900B65649 /* HWToDoListTests.swift in Sources */,
			);
			runOnlyForDeploymentPostprocessing = 0;
		};
/* End PBXSourcesBuildPhase section */

/* Begin PBXTargetDependency section */
		3FF5A3241B61EA1900B65649 /* PBXTargetDependency */ = {
			isa = PBXTargetDependency;
			target = 3FF5A30C1B61EA1900B65649 /* HWToDoList */;
			targetProxy = 3FF5A3231B61EA1900B65649 /* PBXContainerItemProxy */;
		};
/* End PBXTargetDependency section */

/* Begin PBXVariantGroup section */
		3FF5A31B1B61EA1900B65649 /* LaunchScreen.xib */ = {
			isa = PBXVariantGroup;
			children = (
				3FF5A31C1B61EA1900B65649 /* Base */,
			);
			name = LaunchScreen.xib;
			sourceTree = "<group>";
		};
/* End PBXVariantGroup section */

/* Begin XCBuildConfiguration section */
		3FF5A32A1B61EA1900B65649 /* Debug */ = {
			isa = XCBuildConfiguration;
			buildSettings = {
				ALWAYS_SEARCH_USER_PATHS = NO;
				CLANG_CXX_LANGUAGE_STANDARD = "gnu++0x";
				CLANG_CXX_LIBRARY = "libc++";
				CLANG_ENABLE_MODULES = YES;
				CLANG_ENABLE_OBJC_ARC = YES;
				CLANG_WARN_BOOL_CONVERSION = YES;
				CLANG_WARN_CONSTANT_CONVERSION = YES;
				CLANG_WARN_DIRECT_OBJC_ISA_USAGE = YES_ERROR;
				CLANG_WARN_EMPTY_BODY = YES;
				CLANG_WARN_ENUM_CONVERSION = YES;
				CLANG_WARN_INT_CONVERSION = YES;
				CLANG_WARN_OBJC_ROOT_CLASS = YES_ERROR;
				CLANG_WARN_UNREACHABLE_CODE = YES;
				CLANG_WARN__DUPLICATE_METHOD_MATCH = YES;
				"CODE_SIGN_IDENTITY[sdk=iphoneos*]" = "iPhone Developer";
				COPY_PHASE_STRIP = NO;
				DEBUG_INFORMATION_FORMAT = "dwarf-with-dsym";
				ENABLE_STRICT_OBJC_MSGSEND = YES;
				GCC_C_LANGUAGE_STANDARD = gnu99;
				GCC_DYNAMIC_NO_PIC = NO;
				GCC_NO_COMMON_BLOCKS = YES;
				GCC_OPTIMIZATION_LEVEL = 0;
				GCC_PREPROCESSOR_DEFINITIONS = (
					"DEBUG=1",
					"$(inherited)",
				);
				GCC_SYMBOLS_PRIVATE_EXTERN = NO;
				GCC_WARN_64_TO_32_BIT_CONVERSION = YES;
				GCC_WARN_ABOUT_RETURN_TYPE = YES_ERROR;
				GCC_WARN_UNDECLARED_SELECTOR = YES;
				GCC_WARN_UNINITIALIZED_AUTOS = YES_AGGRESSIVE;
				GCC_WARN_UNUSED_FUNCTION = YES;
				GCC_WARN_UNUSED_VARIABLE = YES;
				IPHONEOS_DEPLOYMENT_TARGET = 8.4;
				MTL_ENABLE_DEBUG_INFO = YES;
				ONLY_ACTIVE_ARCH = YES;
				SDKROOT = iphoneos;
				SWIFT_OPTIMIZATION_LEVEL = "-Onone";
			};
			name = Debug;
		};
		3FF5A32B1B61EA1900B65649 /* Release */ = {
			isa = XCBuildConfiguration;
			buildSettings = {
				ALWAYS_SEARCH_USER_PATHS = NO;
				CLANG_CXX_LANGUAGE_STANDARD = "gnu++0x";
				CLANG_CXX_LIBRARY = "libc++";
				CLANG_ENABLE_MODULES = YES;
				CLANG_ENABLE_OBJC_ARC = YES;
				CLANG_WARN_BOOL_CONVERSION = YES;
				CLANG_WARN_CONSTANT_CONVERSION = YES;
				CLANG_WARN_DIRECT_OBJC_ISA_USAGE = YES_ERROR;
				CLANG_WARN_EMPTY_BODY = YES;
				CLANG_WARN_ENUM_CONVERSION = YES;
				CLANG_WARN_INT_CONVERSION = YES;
				CLANG_WARN_OBJC_ROOT_CLASS = YES_ERROR;
				CLANG_WARN_UNREACHABLE_CODE = YES;
				CLANG_WARN__DUPLICATE_METHOD_MATCH = YES;
				"CODE_SIGN_IDENTITY[sdk=iphoneos*]" = "iPhone Developer";
				COPY_PHASE_STRIP = NO;
				DEBUG_INFORMATION_FORMAT = "dwarf-with-dsym";
				ENABLE_NS_ASSERTIONS = NO;
				ENABLE_STRICT_OBJC_MSGSEND = YES;
				GCC_C_LANGUAGE_STANDARD = gnu99;
				GCC_NO_COMMON_BLOCKS = YES;
				GCC_WARN_64_TO_32_BIT_CONVERSION = YES;
				GCC_WARN_ABOUT_RETURN_TYPE = YES_ERROR;
				GCC_WARN_UNDECLARED_SELECTOR = YES;
				GCC_WARN_UNINITIALIZED_AUTOS = YES_AGGRESSIVE;
				GCC_WARN_UNUSED_FUNCTION = YES;
				GCC_WARN_UNUSED_VARIABLE = YES;
				IPHONEOS_DEPLOYMENT_TARGET = 8.4;
				MTL_ENABLE_DEBUG_INFO = NO;
				SDKROOT = iphoneos;
				VALIDATE_PRODUCT = YES;
			};
			name = Release;
		};
		3FF5A32D1B61EA1900B65649 /* Debug */ = {
			isa = XCBuildConfiguration;
			buildSettings = {
				ASSETCATALOG_COMPILER_APPICON_NAME = AppIcon;
				INFOPLIST_FILE = HWToDoList/Info.plist;
				LD_RUNPATH_SEARCH_PATHS = "$(inherited) @executable_path/Frameworks";
				PRODUCT_NAME = "$(TARGET_NAME)";
			};
			name = Debug;
		};
		3FF5A32E1B61EA1900B65649 /* Release */ = {
			isa = XCBuildConfiguration;
			buildSettings = {
				ASSETCATALOG_COMPILER_APPICON_NAME = AppIcon;
				INFOPLIST_FILE = HWToDoList/Info.plist;
				LD_RUNPATH_SEARCH_PATHS = "$(inherited) @executable_path/Frameworks";
				PRODUCT_NAME = "$(TARGET_NAME)";
			};
			name = Release;
		};
		3FF5A3301B61EA1900B65649 /* Debug */ = {
			isa = XCBuildConfiguration;
			buildSettings = {
				BUNDLE_LOADER = "$(TEST_HOST)";
				FRAMEWORK_SEARCH_PATHS = (
					"$(SDKROOT)/Developer/Library/Frameworks",
					"$(inherited)",
				);
				GCC_PREPROCESSOR_DEFINITIONS = (
					"DEBUG=1",
					"$(inherited)",
				);
				INFOPLIST_FILE = HWToDoListTests/Info.plist;
				LD_RUNPATH_SEARCH_PATHS = "$(inherited) @executable_path/Frameworks @loader_path/Frameworks";
				PRODUCT_NAME = "$(TARGET_NAME)";
				TEST_HOST = "$(BUILT_PRODUCTS_DIR)/HWToDoList.app/HWToDoList";
			};
			name = Debug;
		};
		3FF5A3311B61EA1900B65649 /* Release */ = {
			isa = XCBuildConfiguration;
			buildSettings = {
				BUNDLE_LOADER = "$(TEST_HOST)";
				FRAMEWORK_SEARCH_PATHS = (
					"$(SDKROOT)/Developer/Library/Frameworks",
					"$(inherited)",
				);
				INFOPLIST_FILE = HWToDoListTests/Info.plist;
				LD_RUNPATH_SEARCH_PATHS = "$(inherited) @executable_path/Frameworks @loader_path/Frameworks";
				PRODUCT_NAME = "$(TARGET_NAME)";
				TEST_HOST = "$(BUILT_PRODUCTS_DIR)/HWToDoList.app/HWToDoList";
			};
			name = Release;
		};
/* End XCBuildConfiguration section */

/* Begin XCConfigurationList section */
		3FF5A3081B61EA1900B65649 /* Build configuration list for PBXProject "HWToDoList" */ = {
			isa = XCConfigurationList;
			buildConfigurations = (
				3FF5A32A1B61EA1900B65649 /* Debug */,
				3FF5A32B1B61EA1900B65649 /* Release */,
			);
			defaultConfigurationIsVisible = 0;
			defaultConfigurationName = Release;
		};
		3FF5A32C1B61EA1900B65649 /* Build configuration list for PBXNativeTarget "HWToDoList" */ = {
			isa = XCConfigurationList;
			buildConfigurations = (
				3FF5A32D1B61EA1900B65649 /* Debug */,
				3FF5A32E1B61EA1900B65649 /* Release */,
			);
			defaultConfigurationIsVisible = 0;
			defaultConfigurationName = Release;
		};
		3FF5A32F1B61EA1900B65649 /* Build configuration list for PBXNativeTarget "HWToDoListTests" */ = {
			isa = XCConfigurationList;
			buildConfigurations = (
				3FF5A3301B61EA1900B65649 /* Debug */,
				3FF5A3311B61EA1900B65649 /* Release */,
			);
			defaultConfigurationIsVisible = 0;
			defaultConfigurationName = Release;
		};
/* End XCConfigurationList section */
	};
	rootObject = 3FF5A3051B61EA1900B65649 /* Project object */;
}
